// !$*UTF8*$!
{
	archiveVersion = 1;
	classes = {
	};
	objectVersion = 50;
	objects = {

/* Begin PBXBuildFile section */
		9BE9D8AD25884FA700785B31 /* boomshakalaka.mp3 in Resources */ = {isa = PBXBuildFile; fileRef = 9BE9D8AC25884FA700785B31 /* boomshakalaka.mp3 */; };
		9BE9D8B025884FDA00785B31 /* swoosh.mp3 in Resources */ = {isa = PBXBuildFile; fileRef = 9BE9D8AF25884FDA00785B31 /* swoosh.mp3 */; };
		9BE9D8B325885EC600785B31 /* MainMenu.sks in Resources */ = {isa = PBXBuildFile; fileRef = 9BE9D8B225885EC600785B31 /* MainMenu.sks */; };
		9BE9D8B6258862A000785B31 /* MainMenu.swift in Sources */ = {isa = PBXBuildFile; fileRef = 9BE9D8B5258862A000785B31 /* MainMenu.swift */; };
		AB36B2E425720D3D000C88BC /* AppDelegate.swift in Sources */ = {isa = PBXBuildFile; fileRef = AB36B2E325720D3D000C88BC /* AppDelegate.swift */; };
		AB36B2E625720D3D000C88BC /* GameScene.sks in Resources */ = {isa = PBXBuildFile; fileRef = AB36B2E525720D3D000C88BC /* GameScene.sks */; };
		AB36B2E825720D3D000C88BC /* Actions.sks in Resources */ = {isa = PBXBuildFile; fileRef = AB36B2E725720D3D000C88BC /* Actions.sks */; };
		AB36B2EA25720D3D000C88BC /* GameScene.swift in Sources */ = {isa = PBXBuildFile; fileRef = AB36B2E925720D3D000C88BC /* GameScene.swift */; };
		AB36B2EC25720D3D000C88BC /* GameViewController.swift in Sources */ = {isa = PBXBuildFile; fileRef = AB36B2EB25720D3D000C88BC /* GameViewController.swift */; };
		AB36B2EF25720D3D000C88BC /* Main.storyboard in Resources */ = {isa = PBXBuildFile; fileRef = AB36B2ED25720D3D000C88BC /* Main.storyboard */; };
		AB36B2F125720D40000C88BC /* Assets.xcassets in Resources */ = {isa = PBXBuildFile; fileRef = AB36B2F025720D40000C88BC /* Assets.xcassets */; };
		ABD1127A2588932000799FC6 /* GameOver.sks in Resources */ = {isa = PBXBuildFile; fileRef = ABD112792588932000799FC6 /* GameOver.sks */; };
		ABD1127D2588934600799FC6 /* GameOver.swift in Sources */ = {isa = PBXBuildFile; fileRef = ABD1127C2588934600799FC6 /* GameOver.swift */; };
/* End PBXBuildFile section */

/* Begin PBXFileReference section */
		9BE9D8AC25884FA700785B31 /* boomshakalaka.mp3 */ = {isa = PBXFileReference; lastKnownFileType = audio.mp3; path = boomshakalaka.mp3; sourceTree = "<group>"; };
		9BE9D8AF25884FDA00785B31 /* swoosh.mp3 */ = {isa = PBXFileReference; lastKnownFileType = audio.mp3; path = swoosh.mp3; sourceTree = "<group>"; };
		9BE9D8B225885EC600785B31 /* MainMenu.sks */ = {isa = PBXFileReference; lastKnownFileType = file.sks; path = MainMenu.sks; sourceTree = "<group>"; };
		9BE9D8B5258862A000785B31 /* MainMenu.swift */ = {isa = PBXFileReference; lastKnownFileType = sourcecode.swift; path = MainMenu.swift; sourceTree = "<group>"; };
		AB36B2E025720D3D000C88BC /* Bulldog Blocker.app */ = {isa = PBXFileReference; explicitFileType = wrapper.application; includeInIndex = 0; path = "Bulldog Blocker.app"; sourceTree = BUILT_PRODUCTS_DIR; };
		AB36B2E325720D3D000C88BC /* AppDelegate.swift */ = {isa = PBXFileReference; lastKnownFileType = sourcecode.swift; path = AppDelegate.swift; sourceTree = "<group>"; };
		AB36B2E525720D3D000C88BC /* GameScene.sks */ = {isa = PBXFileReference; lastKnownFileType = file.sks; path = GameScene.sks; sourceTree = "<group>"; };
		AB36B2E725720D3D000C88BC /* Actions.sks */ = {isa = PBXFileReference; lastKnownFileType = file.sks; path = Actions.sks; sourceTree = "<group>"; };
		AB36B2E925720D3D000C88BC /* GameScene.swift */ = {isa = PBXFileReference; lastKnownFileType = sourcecode.swift; path = GameScene.swift; sourceTree = "<group>"; };
		AB36B2EB25720D3D000C88BC /* GameViewController.swift */ = {isa = PBXFileReference; lastKnownFileType = sourcecode.swift; path = GameViewController.swift; sourceTree = "<group>"; };
		AB36B2EE25720D3D000C88BC /* Base */ = {isa = PBXFileReference; lastKnownFileType = file.storyboard; name = Base; path = Base.lproj/Main.storyboard; sourceTree = "<group>"; };
		AB36B2F025720D40000C88BC /* Assets.xcassets */ = {isa = PBXFileReference; lastKnownFileType = folder.assetcatalog; path = Assets.xcassets; sourceTree = "<group>"; };
		AB36B2F225720D40000C88BC /* Info.plist */ = {isa = PBXFileReference; lastKnownFileType = text.plist.xml; path = Info.plist; sourceTree = "<group>"; };
		ABD112792588932000799FC6 /* GameOver.sks */ = {isa = PBXFileReference; lastKnownFileType = file.sks; path = GameOver.sks; sourceTree = "<group>"; };
		ABD1127C2588934600799FC6 /* GameOver.swift */ = {isa = PBXFileReference; lastKnownFileType = sourcecode.swift; path = GameOver.swift; sourceTree = "<group>"; };
/* End PBXFileReference section */

/* Begin PBXFrameworksBuildPhase section */
		AB36B2DD25720D3D000C88BC /* Frameworks */ = {
			isa = PBXFrameworksBuildPhase;
			buildActionMask = 2147483647;
			files = (
			);
			runOnlyForDeploymentPostprocessing = 0;
		};
/* End PBXFrameworksBuildPhase section */

/* Begin PBXGroup section */
		AB36B2D725720D3D000C88BC = {
			isa = PBXGroup;
			children = (
				AB36B2E225720D3D000C88BC /* Bulldog Blocker */,
				AB36B2E125720D3D000C88BC /* Products */,
			);
			sourceTree = "<group>";
		};
		AB36B2E125720D3D000C88BC /* Products */ = {
			isa = PBXGroup;
			children = (
				AB36B2E025720D3D000C88BC /* Bulldog Blocker.app */,
			);
			name = Products;
			sourceTree = "<group>";
		};
		AB36B2E225720D3D000C88BC /* Bulldog Blocker */ = {
			isa = PBXGroup;
			children = (
				AB36B2E325720D3D000C88BC /* AppDelegate.swift */,
				AB36B2E525720D3D000C88BC /* GameScene.sks */,
				AB36B2E725720D3D000C88BC /* Actions.sks */,
				AB36B2E925720D3D000C88BC /* GameScene.swift */,
				9BE9D8B5258862A000785B31 /* MainMenu.swift */,
				AB36B2EB25720D3D000C88BC /* GameViewController.swift */,
				9BE9D8B225885EC600785B31 /* MainMenu.sks */,
				AB36B2ED25720D3D000C88BC /* Main.storyboard */,
				AB36B2F025720D40000C88BC /* Assets.xcassets */,
				AB36B2F225720D40000C88BC /* Info.plist */,
				9BE9D8AC25884FA700785B31 /* boomshakalaka.mp3 */,
				9BE9D8AF25884FDA00785B31 /* swoosh.mp3 */,
				ABD112792588932000799FC6 /* GameOver.sks */,
				ABD1127C2588934600799FC6 /* GameOver.swift */,
			);
			path = "Bulldog Blocker";
			sourceTree = "<group>";
		};
/* End PBXGroup section */

/* Begin PBXNativeTarget section */
		AB36B2DF25720D3D000C88BC /* Bulldog Blocker */ = {
			isa = PBXNativeTarget;
			buildConfigurationList = AB36B2F525720D40000C88BC /* Build configuration list for PBXNativeTarget "Bulldog Blocker" */;
			buildPhases = (
				AB36B2DC25720D3D000C88BC /* Sources */,
				AB36B2DD25720D3D000C88BC /* Frameworks */,
				AB36B2DE25720D3D000C88BC /* Resources */,
			);
			buildRules = (
			);
			dependencies = (
			);
			name = "Bulldog Blocker";
			productName = "Bulldog Blocker";
			productReference = AB36B2E025720D3D000C88BC /* Bulldog Blocker.app */;
			productType = "com.apple.product-type.application";
		};
/* End PBXNativeTarget section */

/* Begin PBXProject section */
		AB36B2D825720D3D000C88BC /* Project object */ = {
			isa = PBXProject;
			attributes = {
				LastSwiftUpdateCheck = 1210;
				LastUpgradeCheck = 1210;
				TargetAttributes = {
					AB36B2DF25720D3D000C88BC = {
						CreatedOnToolsVersion = 12.1;
					};
				};
			};
			buildConfigurationList = AB36B2DB25720D3D000C88BC /* Build configuration list for PBXProject "Bulldog Blocker" */;
			compatibilityVersion = "Xcode 9.3";
			developmentRegion = en;
			hasScannedForEncodings = 0;
			knownRegions = (
				en,
				Base,
			);
			mainGroup = AB36B2D725720D3D000C88BC;
			productRefGroup = AB36B2E125720D3D000C88BC /* Products */;
			projectDirPath = "";
			projectRoot = "";
			targets = (
				AB36B2DF25720D3D000C88BC /* Bulldog Blocker */,
			);
		};
/* End PBXProject section */

/* Begin PBXResourcesBuildPhase section */
		AB36B2DE25720D3D000C88BC /* Resources */ = {
			isa = PBXResourcesBuildPhase;
			buildActionMask = 2147483647;
			files = (
				AB36B2EF25720D3D000C88BC /* Main.storyboard in Resources */,
				ABD1127A2588932000799FC6 /* GameOver.sks in Resources */,
				AB36B2E625720D3D000C88BC /* GameScene.sks in Resources */,
				AB36B2F125720D40000C88BC /* Assets.xcassets in Resources */,
				9BE9D8B025884FDA00785B31 /* swoosh.mp3 in Resources */,
				9BE9D8AD25884FA700785B31 /* boomshakalaka.mp3 in Resources */,
				9BE9D8B325885EC600785B31 /* MainMenu.sks in Resources */,
				AB36B2E825720D3D000C88BC /* Actions.sks in Resources */,
			);
			runOnlyForDeploymentPostprocessing = 0;
		};
/* End PBXResourcesBuildPhase section */

/* Begin PBXSourcesBuildPhase section */
		AB36B2DC25720D3D000C88BC /* Sources */ = {
			isa = PBXSourcesBuildPhase;
			buildActionMask = 2147483647;
			files = (
				AB36B2EA25720D3D000C88BC /* GameScene.swift in Sources */,
				AB36B2EC25720D3D000C88BC /* GameViewController.swift in Sources */,
				AB36B2E425720D3D000C88BC /* AppDelegate.swift in Sources */,
				ABD1127D2588934600799FC6 /* GameOver.swift in Sources */,
				9BE9D8B6258862A000785B31 /* MainMenu.swift in Sources */,
			);
			runOnlyForDeploymentPostprocessing = 0;
		};
/* End PBXSourcesBuildPhase section */

/* Begin PBXVariantGroup section */
		AB36B2ED25720D3D000C88BC /* Main.storyboard */ = {
			isa = PBXVariantGroup;
			children = (
				AB36B2EE25720D3D000C88BC /* Base */,
			);
			name = Main.storyboard;
			sourceTree = "<group>";
		};
/* End PBXVariantGroup section */

/* Begin XCBuildConfiguration section */
		AB36B2F325720D40000C88BC /* Debug */ = {
			isa = XCBuildConfiguration;
			buildSettings = {
				ALWAYS_SEARCH_USER_PATHS = NO;
				CLANG_ANALYZER_NONNULL = YES;
				CLANG_ANALYZER_NUMBER_OBJECT_CONVERSION = YES_AGGRESSIVE;
				CLANG_CXX_LANGUAGE_STANDARD = "gnu++14";
				CLANG_CXX_LIBRARY = "libc++";
				CLANG_ENABLE_MODULES = YES;
				CLANG_ENABLE_OBJC_ARC = YES;
				CLANG_ENABLE_OBJC_WEAK = YES;
				CLANG_WARN_BLOCK_CAPTURE_AUTORELEASING = YES;
				CLANG_WARN_BOOL_CONVERSION = YES;
				CLANG_WARN_COMMA = YES;
				CLANG_WARN_CONSTANT_CONVERSION = YES;
				CLANG_WARN_DEPRECATED_OBJC_IMPLEMENTATIONS = YES;
				CLANG_WARN_DIRECT_OBJC_ISA_USAGE = YES_ERROR;
				CLANG_WARN_DOCUMENTATION_COMMENTS = YES;
				CLANG_WARN_EMPTY_BODY = YES;
				CLANG_WARN_ENUM_CONVERSION = YES;
				CLANG_WARN_INFINITE_RECURSION = YES;
				CLANG_WARN_INT_CONVERSION = YES;
				CLANG_WARN_NON_LITERAL_NULL_CONVERSION = YES;
				CLANG_WARN_OBJC_IMPLICIT_RETAIN_SELF = YES;
				CLANG_WARN_OBJC_LITERAL_CONVERSION = YES;
				CLANG_WARN_OBJC_ROOT_CLASS = YES_ERROR;
				CLANG_WARN_QUOTED_INCLUDE_IN_FRAMEWORK_HEADER = YES;
				CLANG_WARN_RANGE_LOOP_ANALYSIS = YES;
				CLANG_WARN_STRICT_PROTOTYPES = YES;
				CLANG_WARN_SUSPICIOUS_MOVE = YES;
				CLANG_WARN_UNGUARDED_AVAILABILITY = YES_AGGRESSIVE;
				CLANG_WARN_UNREACHABLE_CODE = YES;
				CLANG_WARN__DUPLICATE_METHOD_MATCH = YES;
				COPY_PHASE_STRIP = NO;
				DEBUG_INFORMATION_FORMAT = dwarf;
				ENABLE_STRICT_OBJC_MSGSEND = YES;
				ENABLE_TESTABILITY = YES;
				GCC_C_LANGUAGE_STANDARD = gnu11;
				GCC_DYNAMIC_NO_PIC = NO;
				GCC_NO_COMMON_BLOCKS = YES;
				GCC_OPTIMIZATION_LEVEL = 0;
				GCC_PREPROCESSOR_DEFINITIONS = (
					"DEBUG=1",
					"$(inherited)",
				);
				GCC_WARN_64_TO_32_BIT_CONVERSION = YES;
				GCC_WARN_ABOUT_RETURN_TYPE = YES_ERROR;
				GCC_WARN_UNDECLARED_SELECTOR = YES;
				GCC_WARN_UNINITIALIZED_AUTOS = YES_AGGRESSIVE;
				GCC_WARN_UNUSED_FUNCTION = YES;
				GCC_WARN_UNUSED_VARIABLE = YES;
				IPHONEOS_DEPLOYMENT_TARGET = 14.1;
				MTL_ENABLE_DEBUG_INFO = INCLUDE_SOURCE;
				MTL_FAST_MATH = YES;
				ONLY_ACTIVE_ARCH = YES;
				SDKROOT = iphoneos;
				SWIFT_ACTIVE_COMPILATION_CONDITIONS = DEBUG;
				SWIFT_OPTIMIZATION_LEVEL = "-Onone";
			};
			name = Debug;
		};
		AB36B2F425720D40000C88BC /* Release */ = {
			isa = XCBuildConfiguration;
			buildSettings = {
				ALWAYS_SEARCH_USER_PATHS = NO;
				CLANG_ANALYZER_NONNULL = YES;
				CLANG_ANALYZER_NUMBER_OBJECT_CONVERSION = YES_AGGRESSIVE;
				CLANG_CXX_LANGUAGE_STANDARD = "gnu++14";
				CLANG_CXX_LIBRARY = "libc++";
				CLANG_ENABLE_MODULES = YES;
				CLANG_ENABLE_OBJC_ARC = YES;
				CLANG_ENABLE_OBJC_WEAK = YES;
				CLANG_WARN_BLOCK_CAPTURE_AUTORELEASING = YES;
				CLANG_WARN_BOOL_CONVERSION = YES;
				CLANG_WARN_COMMA = YES;
				CLANG_WARN_CONSTANT_CONVERSION = YES;
				CLANG_WARN_DEPRECATED_OBJC_IMPLEMENTATIONS = YES;
				CLANG_WARN_DIRECT_OBJC_ISA_USAGE = YES_ERROR;
				CLANG_WARN_DOCUMENTATION_COMMENTS = YES;
				CLANG_WARN_EMPTY_BODY = YES;
				CLANG_WARN_ENUM_CONVERSION = YES;
				CLANG_WARN_INFINITE_RECURSION = YES;
				CLANG_WARN_INT_CONVERSION = YES;
				CLANG_WARN_NON_LITERAL_NULL_CONVERSION = YES;
				CLANG_WARN_OBJC_IMPLICIT_RETAIN_SELF = YES;
				CLANG_WARN_OBJC_LITERAL_CONVERSION = YES;
				CLANG_WARN_OBJC_ROOT_CLASS = YES_ERROR;
				CLANG_WARN_QUOTED_INCLUDE_IN_FRAMEWORK_HEADER = YES;
				CLANG_WARN_RANGE_LOOP_ANALYSIS = YES;
				CLANG_WARN_STRICT_PROTOTYPES = YES;
				CLANG_WARN_SUSPICIOUS_MOVE = YES;
				CLANG_WARN_UNGUARDED_AVAILABILITY = YES_AGGRESSIVE;
				CLANG_WARN_UNREACHABLE_CODE = YES;
				CLANG_WARN__DUPLICATE_METHOD_MATCH = YES;
				COPY_PHASE_STRIP = NO;
				DEBUG_INFORMATION_FORMAT = "dwarf-with-dsym";
				ENABLE_NS_ASSERTIONS = NO;
				ENABLE_STRICT_OBJC_MSGSEND = YES;
				GCC_C_LANGUAGE_STANDARD = gnu11;
				GCC_NO_COMMON_BLOCKS = YES;
				GCC_WARN_64_TO_32_BIT_CONVERSION = YES;
				GCC_WARN_ABOUT_RETURN_TYPE = YES_ERROR;
				GCC_WARN_UNDECLARED_SELECTOR = YES;
				GCC_WARN_UNINITIALIZED_AUTOS = YES_AGGRESSIVE;
				GCC_WARN_UNUSED_FUNCTION = YES;
				GCC_WARN_UNUSED_VARIABLE = YES;
				IPHONEOS_DEPLOYMENT_TARGET = 14.1;
				MTL_ENABLE_DEBUG_INFO = NO;
				MTL_FAST_MATH = YES;
				SDKROOT = iphoneos;
				SWIFT_COMPILATION_MODE = wholemodule;
				SWIFT_OPTIMIZATION_LEVEL = "-O";
				VALIDATE_PRODUCT = YES;
			};
			name = Release;
		};
		AB36B2F625720D40000C88BC /* Debug */ = {
			isa = XCBuildConfiguration;
			buildSettings = {
				ASSETCATALOG_COMPILER_APPICON_NAME = AppIcon;
				ASSETCATALOG_COMPILER_GLOBAL_ACCENT_COLOR_NAME = AccentColor;
				CODE_SIGN_STYLE = Automatic;
				DEVELOPMENT_TEAM = 93DDRL9XJZ;
				INFOPLIST_FILE = "Bulldog Blocker/Info.plist";
				LD_RUNPATH_SEARCH_PATHS = (
					"$(inherited)",
					"@executable_path/Frameworks",
				);
				PRODUCT_BUNDLE_IDENTIFIER = "com.DrewBies.Bulldog-Blocker";
				PRODUCT_NAME = "$(TARGET_NAME)";
				SWIFT_VERSION = 5.0;
				TARGETED_DEVICE_FAMILY = "1,2";
			};
			name = Debug;
		};
		AB36B2F725720D40000C88BC /* Release */ = {
			isa = XCBuildConfiguration;
			buildSettings = {
				ASSETCATALOG_COMPILER_APPICON_NAME = AppIcon;
				ASSETCATALOG_COMPILER_GLOBAL_ACCENT_COLOR_NAME = AccentColor;
				CODE_SIGN_STYLE = Automatic;
				DEVELOPMENT_TEAM = 93DDRL9XJZ;
				INFOPLIST_FILE = "Bulldog Blocker/Info.plist";
				LD_RUNPATH_SEARCH_PATHS = (
					"$(inherited)",
					"@executable_path/Frameworks",
				);
				PRODUCT_BUNDLE_IDENTIFIER = "com.DrewBies.Bulldog-Blocker";
				PRODUCT_NAME = "$(TARGET_NAME)";
				SWIFT_VERSION = 5.0;
				TARGETED_DEVICE_FAMILY = "1,2";
			};
			name = Release;
		};
/* End XCBuildConfiguration section */

/* Begin XCConfigurationList section */
		AB36B2DB25720D3D000C88BC /* Build configuration list for PBXProject "Bulldog Blocker" */ = {
			isa = XCConfigurationList;
			buildConfigurations = (
				AB36B2F325720D40000C88BC /* Debug */,
				AB36B2F425720D40000C88BC /* Release */,
			);
			defaultConfigurationIsVisible = 0;
			defaultConfigurationName = Release;
		};
		AB36B2F525720D40000C88BC /* Build configuration list for PBXNativeTarget "Bulldog Blocker" */ = {
			isa = XCConfigurationList;
			buildConfigurations = (
				AB36B2F625720D40000C88BC /* Debug */,
				AB36B2F725720D40000C88BC /* Release */,
			);
			defaultConfigurationIsVisible = 0;
			defaultConfigurationName = Release;
		};
/* End XCConfigurationList section */
	};
	rootObject = AB36B2D825720D3D000C88BC /* Project object */;
}
